<?xml version="1.0" encoding="utf-8"?>
<Project ToolsVersion="4.0" xmlns="http://schemas.microsoft.com/developer/msbuild/2003">
  <ItemGroup>
    <Filter Include="Source Files">
      <UniqueIdentifier>{4FC737F1-C7A5-4376-A066-2A32D752A2FF}</UniqueIdentifier>
      <Extensions>cpp;c;cc;cxx;def;odl;idl;hpj;bat;asm;asmx</Extensions>
    </Filter>
    <Filter Include="Header Files">
      <UniqueIdentifier>{93995380-89BD-4b04-88EB-625FBE52EBFB}</UniqueIdentifier>
      <Extensions>h;hh;hpp;hxx;hm;inl;inc;ipp;xsd</Extensions>
    </Filter>
    <Filter Include="Resource Files">
      <UniqueIdentifier>{67DA6AB6-F800-4c08-8B7A-83BB121AAD01}</UniqueIdentifier>
      <Extensions>rc;ico;cur;bmp;dlg;rc2;rct;bin;rgs;gif;jpg;jpeg;jpe;resx;tiff;tif;png;wav;mfcribbon-ms</Extensions>
    </Filter>
  </ItemGroup>
  <ItemGroup>
    <ClCompile Include="client\gl\SkyRenderer.cpp">
      <Filter>Source Files</Filter>
    </ClCompile>
    <ClCompile Include="client\gl\Texture.cpp">
      <Filter>Source Files</Filter>
    </ClCompile>
    <ClCompile Include="common\Chunk.cpp">
      <Filter>Source Files</Filter>
    </ClCompile>
    <ClCompile Include="client\ChunkManager.cpp">
      <Filter>Source Files</Filter>
    </ClCompile>
    <ClCompile Include="client\Camera.cpp">
      <Filter>Source Files</Filter>
    </ClCompile>
    <ClCompile Include="client\gl\ChunkRenderer.cpp">
      <Filter>Source Files</Filter>
    </ClCompile>
    <ClCompile Include="client\gl\Primitive.cpp">
      <Filter>Source Files</Filter>
    </ClCompile>
    <ClCompile Include="client\gl\PlayerRenderer.cpp">
      <Filter>Source Files</Filter>
    </ClCompile>
    <ClCompile Include="client\gl\Window.cpp">
      <Filter>Source Files</Filter>
    </ClCompile>
    <ClCompile Include="client\gl\Buffer.cpp">
      <Filter>Source Files</Filter>
    </ClCompile>
    <ClCompile Include="common\Player.cpp">
      <Filter>Source Files</Filter>
    </ClCompile>
    <ClCompile Include="client\gl\Shader.cpp">
      <Filter>Source Files</Filter>
    </ClCompile>
    <ClCompile Include="vcpch.cpp">
      <Filter>Source Files</Filter>
    </ClCompile>
    <ClCompile Include="..\..\deps\glad\src\glad.c">
      <Filter>Source Files</Filter>
    </ClCompile>
    <ClCompile Include="common\Application.cpp">
      <Filter>Source Files</Filter>
    </ClCompile>
    <ClCompile Include="common\Timer.cpp">
      <Filter>Source Files</Filter>
    </ClCompile>
    <ClCompile Include="Main.cpp">
      <Filter>Source Files</Filter>
    </ClCompile>
    <ClCompile Include="net\Server.cpp">
      <Filter>Source Files</Filter>
    </ClCompile>
    <ClCompile Include="net\Client.cpp">
      <Filter>Source Files</Filter>
    </ClCompile>
    <ClCompile Include="net\packet\Packet.cpp">
      <Filter>Source Files</Filter>
    </ClCompile>
  </ItemGroup>
  <ItemGroup>
    <ClInclude Include="client\gl\SkyRenderer.hpp">
      <Filter>Header Files</Filter>
    </ClInclude>
    <ClInclude Include="client\gl\Texture.hpp">
      <Filter>Header Files</Filter>
    </ClInclude>
    <ClInclude Include="common\BlockData.hpp">
      <Filter>Header Files</Filter>
    </ClInclude>
    <ClInclude Include="common\Chunk.hpp">
      <Filter>Header Files</Filter>
    </ClInclude>
    <ClInclude Include="client\ChunkManager.hpp">
      <Filter>Header Files</Filter>
    </ClInclude>
    <ClInclude Include="client\gl\PlayerRenderer.hpp">
      <Filter>Header Files</Filter>
    </ClInclude>
    <ClInclude Include="client\gl\Window.hpp">
      <Filter>Header Files</Filter>
    </ClInclude>
    <ClInclude Include="client\gl\Buffer.hpp">
      <Filter>Header Files</Filter>
    </ClInclude>
    <ClInclude Include="client\graphics\Buffer.hpp">
      <Filter>Header Files</Filter>
    </ClInclude>
    <ClInclude Include="client\Camera.hpp">
      <Filter>Header Files</Filter>
    </ClInclude>
    <ClInclude Include="client\gl\ChunkRenderer.hpp">
      <Filter>Header Files</Filter>
    </ClInclude>
    <ClInclude Include="client\gl\Primitive.hpp">
      <Filter>Header Files</Filter>
    </ClInclude>
    <ClInclude Include="client\graphics\Renderable.hpp">
      <Filter>Header Files</Filter>
    </ClInclude>
    <ClInclude Include="client\gl\Shader.hpp">
      <Filter>Header Files</Filter>
    </ClInclude>
    <ClInclude Include="common\Player.hpp">
      <Filter>Header Files</Filter>
    </ClInclude>
    <ClInclude Include="common\Transform.hpp">
      <Filter>Header Files</Filter>
    </ClInclude>
    <ClInclude Include="utils\Math.hpp">
      <Filter>Header Files</Filter>
    </ClInclude>
    <ClInclude Include="utils\NonCopyable.hpp">
      <Filter>Header Files</Filter>
    </ClInclude>
    <ClInclude Include="utils\Singleton.hpp">
      <Filter>Header Files</Filter>
    </ClInclude>
    <ClInclude Include="utils\Timeline.hpp">
      <Filter>Header Files</Filter>
    </ClInclude>
    <ClInclude Include="vcpch.hpp">
      <Filter>Header Files</Filter>
    </ClInclude>
    <ClInclude Include="common\Application.hpp">
      <Filter>Header Files</Filter>
    </ClInclude>
    <ClInclude Include="common\Timer.hpp">
      <Filter>Header Files</Filter>
    </ClInclude>
    <ClInclude Include="net\Server.hpp">
      <Filter>Header Files</Filter>
    </ClInclude>
    <ClInclude Include="net\Client.hpp">
      <Filter>Header Files</Filter>
    </ClInclude>
    <ClInclude Include="net\packet\Packet.hpp">
      <Filter>Header Files</Filter>
    </ClInclude>
    <ClInclude Include="common\event\Event.hpp">
      <Filter>Header Files</Filter>
    </ClInclude>
    <ClInclude Include="utils\Observer.hpp">
      <Filter>Header Files</Filter>
    </ClInclude>
    <ClInclude Include="utils\Bitmask.hpp">
      <Filter>Header Files</Filter>
    </ClInclude>
    <ClInclude Include="common\event\WindowEvent.hpp">
      <Filter>Header Files</Filter>
    </ClInclude>
    <ClInclude Include="common\event\InputEvent.hpp">
      <Filter>Header Files</Filter>
    </ClInclude>
    <ClInclude Include="net\packet\ConnectPacket.hpp">
      <Filter>Header Files</Filter>
    </ClInclude>
  </ItemGroup>
  <ItemGroup>
    <None Include="props\BuildSettings.props" />
  </ItemGroup>
</Project>